Microsoft Visual Studio Solution File, Format Version 12.00
# Visual Studio 2012
Project("{FAE04EC0-301F-11D3-BF4B-00C04F79EFBC}") = "Tic Tac Toe", "Tic Tac Toe.csproj", "{AF2334FE-FC36-4DB0-9700-376B89149EFF}"
EndProject
Global
	GlobalSection(SolutionConfigurationPlatforms) = preSolution
	Debug|Any CPU = Debug|Any CPU
	ExportDebug|Any CPU = ExportDebug|Any CPU
	ExportRelease|Any CPU = ExportRelease|Any CPU
	EndGlobalSection
	GlobalSection(ProjectConfigurationPlatforms) = postSolution
		{AF2334FE-FC36-4DB0-9700-376B89149EFF}.Debug|Any CPU.ActiveCfg = Debug|Any CPU
		{AF2334FE-FC36-4DB0-9700-376B89149EFF}.Debug|Any CPU.Build.0 = Debug|Any CPU
		{AF2334FE-FC36-4DB0-9700-376B89149EFF}.ExportDebug|Any CPU.ActiveCfg = ExportDebug|Any CPU
		{AF2334FE-FC36-4DB0-9700-376B89149EFF}.ExportDebug|Any CPU.Build.0 = ExportDebug|Any CPU
		{AF2334FE-FC36-4DB0-9700-376B89149EFF}.ExportRelease|Any CPU.ActiveCfg = ExportRelease|Any CPU
		{AF2334FE-FC36-4DB0-9700-376B89149EFF}.ExportRelease|Any CPU.Build.0 = ExportRelease|Any CPU
	EndGlobalSection
EndGlobal
